
Microsoft Visual Studio Solution File, Format Version 12.00
# Visual Studio Version 16
VisualStudioVersion = 16.0.31613.86
MinimumVisualStudioVersion = 10.0.40219.1
Project("{FAE04EC0-301F-11D3-BF4B-00C04F79EFBC}") = "AudioShmaudio", "AudioShmaudio\AudioShmaudio.csproj", "{BCEBEE0E-180A-461D-BF35-5173700FB115}"
EndProject
Global
	GlobalSection(SolutionConfigurationPlatforms) = preSolution
		Debug|Any CPU = Debug|Any CPU
		Release|Any CPU = Release|Any CPU
	EndGlobalSection
	GlobalSection(ProjectConfigurationPlatforms) = postSolution
		{BCEBEE0E-180A-461D-BF35-5173700FB115}.Debug|Any CPU.ActiveCfg = Debug|Any CPU
		{BCEBEE0E-180A-461D-BF35-5173700FB115}.Debug|Any CPU.Build.0 = Debug|Any CPU
		{BCEBEE0E-180A-461D-BF35-5173700FB115}.Release|Any CPU.ActiveCfg = Release|Any CPU
		{BCEBEE0E-180A-461D-BF35-5173700FB115}.Release|Any CPU.Build.0 = Release|Any CPU
	EndGlobalSection
	GlobalSection(SolutionProperties) = preSolution
		HideSolutionNode = FALSE
	EndGlobalSection
	GlobalSection(ExtensibilityGlobals) = postSolution
		SolutionGuid = {13E5D1C4-A327-4EC6-A94C-566880E0EA0B}
	EndGlobalSection
EndGlobal
